
Microsoft Visual Studio Solution File, Format Version 12.00
# Visual Studio Version 16
VisualStudioVersion = 16.0.31515.178
MinimumVisualStudioVersion = 10.0.40219.1
Project("{9A19103F-16F7-4668-BE54-9A1E7A4F7556}") = "Ghost-EventBus", "GhostNetwork.Gateway.EventBus\Ghost-EventBus.csproj", "{D1D03E7B-3ED0-4D96-A874-18457A59D580}"
EndProject
Global
	GlobalSection(SolutionConfigurationPlatforms) = preSolution
		Debug|Any CPU = Debug|Any CPU
		Release|Any CPU = Release|Any CPU
	EndGlobalSection
	GlobalSection(ProjectConfigurationPlatforms) = postSolution
		{D1D03E7B-3ED0-4D96-A874-18457A59D580}.Debug|Any CPU.ActiveCfg = Debug|Any CPU
		{D1D03E7B-3ED0-4D96-A874-18457A59D580}.Debug|Any CPU.Build.0 = Debug|Any CPU
		{D1D03E7B-3ED0-4D96-A874-18457A59D580}.Release|Any CPU.ActiveCfg = Release|Any CPU
		{D1D03E7B-3ED0-4D96-A874-18457A59D580}.Release|Any CPU.Build.0 = Release|Any CPU
	EndGlobalSection
	GlobalSection(SolutionProperties) = preSolution
		HideSolutionNode = FALSE
	EndGlobalSection
	GlobalSection(ExtensibilityGlobals) = postSolution
		SolutionGuid = {09C428EF-385D-42D4-B60E-359A25C2691D}
	EndGlobalSection
EndGlobal
